# THIS IS AN AUTOGENERATED FILE. DO NOT EDIT THIS FILE DIRECTLY.
# yarn lockfile v1


mongoose-lean-virtuals@^1.1.0:
  version "1.1.1"
  resolved "https://registry.yarnpkg.com/mongoose-lean-virtuals/-/mongoose-lean-virtuals-1.1.1.tgz#450c1a74b36c573a49db16769ea44d8457c03b44"
  integrity sha512-8chOqpVE3bcoWT2pIgcJeIZlXaOfQCavZgQZF4qytUtjRBqsNMyzUoR16qdw9XL2kC478N8iA8z0AA+NSS0d1A==
  dependencies:
    mpath "^0.8.4"

mongoose-paginate-v2@^1.9.1:
  version "1.9.1"
  resolved "https://registry.yarnpkg.com/mongoose-paginate-v2/-/mongoose-paginate-v2-1.9.1.tgz#2f724eb31539db0378bb3c319e696e843fdafd91"
  integrity sha512-DgURdWkPCeY6cuzkONk0snkFFG/l6ABABDkV3PyW/M2XGvfK/yP4i6Y/PuXkqhfVxKHFLvZ/qBnQxkGzzvo43Q==
  dependencies:
    mongoose-lean-virtuals "^1.1.0"

mpath@^0.8.4:
  version "0.8.4"
  resolved "https://registry.yarnpkg.com/mpath/-/mpath-0.8.4.tgz#6b566d9581621d9e931dd3b142ed3618e7599313"
  integrity sha512-DTxNZomBcTWlrMW76jy1wvV37X/cNNxPW1y2Jzd4DZkAaC5ZGsm8bfGfNOthcDuRJujXLqiuS6o3Tpy0JEoh7g==
